
Microsoft Visual Studio Solution File, Format Version 12.00
# Visual Studio Version 17
VisualStudioVersion = 17.3.32811.315
MinimumVisualStudioVersion = 10.0.40219.1
Project("{FAE04EC0-301F-11D3-BF4B-00C04F79EFBC}") = "TP EJERCICIO 11", "TP EJERCICIO 11.csproj", "{3F067C3C-217D-4905-94A8-364BA53D3AE7}"
EndProject
Global
	GlobalSection(SolutionConfigurationPlatforms) = preSolution
		Debug|Any CPU = Debug|Any CPU
		Release|Any CPU = Release|Any CPU
	EndGlobalSection
	GlobalSection(ProjectConfigurationPlatforms) = postSolution
		{3F067C3C-217D-4905-94A8-364BA53D3AE7}.Debug|Any CPU.ActiveCfg = Debug|Any CPU
		{3F067C3C-217D-4905-94A8-364BA53D3AE7}.Debug|Any CPU.Build.0 = Debug|Any CPU
		{3F067C3C-217D-4905-94A8-364BA53D3AE7}.Release|Any CPU.ActiveCfg = Release|Any CPU
		{3F067C3C-217D-4905-94A8-364BA53D3AE7}.Release|Any CPU.Build.0 = Release|Any CPU
	EndGlobalSection
	GlobalSection(SolutionProperties) = preSolution
		HideSolutionNode = FALSE
	EndGlobalSection
	GlobalSection(ExtensibilityGlobals) = postSolution
		SolutionGuid = {E339539D-3CFB-4A93-BBFB-BA765C4E311D}
	EndGlobalSection
EndGlobal
